// !$*UTF8*$!
{
	archiveVersion = 1;
	classes = {
	};
	objectVersion = 56;
	objects = {

/* Begin PBXBuildFile section */
		3D0FD56F2B335A8700C7E9D3 /* ViewController2.swift in Sources */ = {isa = PBXBuildFile; fileRef = 3D0FD56E2B335A8700C7E9D3 /* ViewController2.swift */; };
		3DDC0AD62B30CB3F00531924 /* Results.swift in Sources */ = {isa = PBXBuildFile; fileRef = 3DDC0AD52B30CB3F00531924 /* Results.swift */; };
		3DDF2F4E2B2B95B500A3D872 /* AppDelegate.swift in Sources */ = {isa = PBXBuildFile; fileRef = 3DDF2F4D2B2B95B500A3D872 /* AppDelegate.swift */; };
		3DDF2F502B2B95B500A3D872 /* SceneDelegate.swift in Sources */ = {isa = PBXBuildFile; fileRef = 3DDF2F4F2B2B95B500A3D872 /* SceneDelegate.swift */; };
		3DDF2F522B2B95B500A3D872 /* ViewController.swift in Sources */ = {isa = PBXBuildFile; fileRef = 3DDF2F512B2B95B500A3D872 /* ViewController.swift */; };
		3DDF2F552B2B95B500A3D872 /* Main.storyboard in Resources */ = {isa = PBXBuildFile; fileRef = 3DDF2F532B2B95B500A3D872 /* Main.storyboard */; };
		3DDF2F572B2B95B600A3D872 /* Assets.xcassets in Resources */ = {isa = PBXBuildFile; fileRef = 3DDF2F562B2B95B600A3D872 /* Assets.xcassets */; };
		3DDF2F5A2B2B95B600A3D872 /* LaunchScreen.storyboard in Resources */ = {isa = PBXBuildFile; fileRef = 3DDF2F582B2B95B600A3D872 /* LaunchScreen.storyboard */; };
		3DDF2F622B2B96B400A3D872 /* CharacterModel.swift in Sources */ = {isa = PBXBuildFile; fileRef = 3DDF2F612B2B96B400A3D872 /* CharacterModel.swift */; };
		3DDF2F642B2B96C600A3D872 /* EpisodesModel.swift in Sources */ = {isa = PBXBuildFile; fileRef = 3DDF2F632B2B96C600A3D872 /* EpisodesModel.swift */; };
		3DDF2F662B2B97A900A3D872 /* MiCelda.swift in Sources */ = {isa = PBXBuildFile; fileRef = 3DDF2F652B2B97A900A3D872 /* MiCelda.swift */; };
/* End PBXBuildFile section */

/* Begin PBXFileReference section */
		3D0FD56E2B335A8700C7E9D3 /* ViewController2.swift */ = {isa = PBXFileReference; lastKnownFileType = sourcecode.swift; path = ViewController2.swift; sourceTree = "<group>"; };
		3DDC0AD52B30CB3F00531924 /* Results.swift */ = {isa = PBXFileReference; lastKnownFileType = sourcecode.swift; path = Results.swift; sourceTree = "<group>"; };
		3DDF2F4A2B2B95B500A3D872 /* RickAndMorty.app */ = {isa = PBXFileReference; explicitFileType = wrapper.application; includeInIndex = 0; path = RickAndMorty.app; sourceTree = BUILT_PRODUCTS_DIR; };
		3DDF2F4D2B2B95B500A3D872 /* AppDelegate.swift */ = {isa = PBXFileReference; lastKnownFileType = sourcecode.swift; path = AppDelegate.swift; sourceTree = "<group>"; };
		3DDF2F4F2B2B95B500A3D872 /* SceneDelegate.swift */ = {isa = PBXFileReference; lastKnownFileType = sourcecode.swift; path = SceneDelegate.swift; sourceTree = "<group>"; };
		3DDF2F512B2B95B500A3D872 /* ViewController.swift */ = {isa = PBXFileReference; lastKnownFileType = sourcecode.swift; path = ViewController.swift; sourceTree = "<group>"; };
		3DDF2F542B2B95B500A3D872 /* Base */ = {isa = PBXFileReference; lastKnownFileType = file.storyboard; name = Base; path = Base.lproj/Main.storyboard; sourceTree = "<group>"; };
		3DDF2F562B2B95B600A3D872 /* Assets.xcassets */ = {isa = PBXFileReference; lastKnownFileType = folder.assetcatalog; path = Assets.xcassets; sourceTree = "<group>"; };
		3DDF2F592B2B95B600A3D872 /* Base */ = {isa = PBXFileReference; lastKnownFileType = file.storyboard; name = Base; path = Base.lproj/LaunchScreen.storyboard; sourceTree = "<group>"; };
		3DDF2F5B2B2B95B600A3D872 /* Info.plist */ = {isa = PBXFileReference; lastKnownFileType = text.plist.xml; path = Info.plist; sourceTree = "<group>"; };
		3DDF2F612B2B96B400A3D872 /* CharacterModel.swift */ = {isa = PBXFileReference; lastKnownFileType = sourcecode.swift; path = CharacterModel.swift; sourceTree = "<group>"; };
		3DDF2F632B2B96C600A3D872 /* EpisodesModel.swift */ = {isa = PBXFileReference; lastKnownFileType = sourcecode.swift; path = EpisodesModel.swift; sourceTree = "<group>"; };
		3DDF2F652B2B97A900A3D872 /* MiCelda.swift */ = {isa = PBXFileReference; lastKnownFileType = sourcecode.swift; path = MiCelda.swift; sourceTree = "<group>"; };
/* End PBXFileReference section */

/* Begin PBXFrameworksBuildPhase section */
		3DDF2F472B2B95B500A3D872 /* Frameworks */ = {
			isa = PBXFrameworksBuildPhase;
			buildActionMask = 2147483647;
			files = (
			);
			runOnlyForDeploymentPostprocessing = 0;
		};
/* End PBXFrameworksBuildPhase section */

/* Begin PBXGroup section */
		3DDC0AD42B30CAF700531924 /* Model */ = {
			isa = PBXGroup;
			children = (
				3DDC0AD52B30CB3F00531924 /* Results.swift */,
			);
			path = Model;
			sourceTree = "<group>";
		};
		3DDF2F412B2B95B500A3D872 = {
			isa = PBXGroup;
			children = (
				3DDF2F4C2B2B95B500A3D872 /* RickAndMorty */,
				3DDF2F4B2B2B95B500A3D872 /* Products */,
			);
			sourceTree = "<group>";
		};
		3DDF2F4B2B2B95B500A3D872 /* Products */ = {
			isa = PBXGroup;
			children = (
				3DDF2F4A2B2B95B500A3D872 /* RickAndMorty.app */,
			);
			name = Products;
			sourceTree = "<group>";
		};
		3DDF2F4C2B2B95B500A3D872 /* RickAndMorty */ = {
			isa = PBXGroup;
			children = (
				3DDC0AD42B30CAF700531924 /* Model */,
				3DDF2F4D2B2B95B500A3D872 /* AppDelegate.swift */,
				3DDF2F4F2B2B95B500A3D872 /* SceneDelegate.swift */,
				3DDF2F512B2B95B500A3D872 /* ViewController.swift */,
				3DDF2F532B2B95B500A3D872 /* Main.storyboard */,
				3DDF2F562B2B95B600A3D872 /* Assets.xcassets */,
				3DDF2F582B2B95B600A3D872 /* LaunchScreen.storyboard */,
				3DDF2F5B2B2B95B600A3D872 /* Info.plist */,
				3DDF2F612B2B96B400A3D872 /* CharacterModel.swift */,
				3DDF2F632B2B96C600A3D872 /* EpisodesModel.swift */,
				3DDF2F652B2B97A900A3D872 /* MiCelda.swift */,
				3D0FD56E2B335A8700C7E9D3 /* ViewController2.swift */,
			);
			path = RickAndMorty;
			sourceTree = "<group>";
		};
/* End PBXGroup section */

/* Begin PBXNativeTarget section */
		3DDF2F492B2B95B500A3D872 /* RickAndMorty */ = {
			isa = PBXNativeTarget;
			buildConfigurationList = 3DDF2F5E2B2B95B600A3D872 /* Build configuration list for PBXNativeTarget "RickAndMorty" */;
			buildPhases = (
				3DDF2F462B2B95B500A3D872 /* Sources */,
				3DDF2F472B2B95B500A3D872 /* Frameworks */,
				3DDF2F482B2B95B500A3D872 /* Resources */,
			);
			buildRules = (
			);
			dependencies = (
			);
			name = RickAndMorty;
			productName = RickAndMorty;
			productReference = 3DDF2F4A2B2B95B500A3D872 /* RickAndMorty.app */;
			productType = "com.apple.product-type.application";
		};
/* End PBXNativeTarget section */

/* Begin PBXProject section */
		3DDF2F422B2B95B500A3D872 /* Project object */ = {
			isa = PBXProject;
			attributes = {
				BuildIndependentTargetsInParallel = 1;
				LastSwiftUpdateCheck = 1510;
				LastUpgradeCheck = 1510;
				TargetAttributes = {
					3DDF2F492B2B95B500A3D872 = {
						CreatedOnToolsVersion = 15.1;
					};
				};
			};
			buildConfigurationList = 3DDF2F452B2B95B500A3D872 /* Build configuration list for PBXProject "RickAndMorty" */;
			compatibilityVersion = "Xcode 14.0";
			developmentRegion = en;
			hasScannedForEncodings = 0;
			knownRegions = (
				en,
				Base,
			);
			mainGroup = 3DDF2F412B2B95B500A3D872;
			productRefGroup = 3DDF2F4B2B2B95B500A3D872 /* Products */;
			projectDirPath = "";
			projectRoot = "";
			targets = (
				3DDF2F492B2B95B500A3D872 /* RickAndMorty */,
			);
		};
/* End PBXProject section */

/* Begin PBXResourcesBuildPhase section */
		3DDF2F482B2B95B500A3D872 /* Resources */ = {
			isa = PBXResourcesBuildPhase;
			buildActionMask = 2147483647;
			files = (
				3DDF2F5A2B2B95B600A3D872 /* LaunchScreen.storyboard in Resources */,
				3DDF2F572B2B95B600A3D872 /* Assets.xcassets in Resources */,
				3DDF2F552B2B95B500A3D872 /* Main.storyboard in Resources */,
			);
			runOnlyForDeploymentPostprocessing = 0;
		};
/* End PBXResourcesBuildPhase section */

/* Begin PBXSourcesBuildPhase section */
		3DDF2F462B2B95B500A3D872 /* Sources */ = {
			isa = PBXSourcesBuildPhase;
			buildActionMask = 2147483647;
			files = (
				3DDF2F522B2B95B500A3D872 /* ViewController.swift in Sources */,
				3D0FD56F2B335A8700C7E9D3 /* ViewController2.swift in Sources */,
				3DDF2F622B2B96B400A3D872 /* CharacterModel.swift in Sources */,
				3DDF2F4E2B2B95B500A3D872 /* AppDelegate.swift in Sources */,
				3DDF2F662B2B97A900A3D872 /* MiCelda.swift in Sources */,
				3DDC0AD62B30CB3F00531924 /* Results.swift in Sources */,
				3DDF2F642B2B96C600A3D872 /* EpisodesModel.swift in Sources */,
				3DDF2F502B2B95B500A3D872 /* SceneDelegate.swift in Sources */,
			);
			runOnlyForDeploymentPostprocessing = 0;
		};
/* End PBXSourcesBuildPhase section */

/* Begin PBXVariantGroup section */
		3DDF2F532B2B95B500A3D872 /* Main.storyboard */ = {
			isa = PBXVariantGroup;
			children = (
				3DDF2F542B2B95B500A3D872 /* Base */,
			);
			name = Main.storyboard;
			sourceTree = "<group>";
		};
		3DDF2F582B2B95B600A3D872 /* LaunchScreen.storyboard */ = {
			isa = PBXVariantGroup;
			children = (
				3DDF2F592B2B95B600A3D872 /* Base */,
			);
			name = LaunchScreen.storyboard;
			sourceTree = "<group>";
		};
/* End PBXVariantGroup section */

/* Begin XCBuildConfiguration section */
		3DDF2F5C2B2B95B600A3D872 /* Debug */ = {
			isa = XCBuildConfiguration;
			buildSettings = {
				ALWAYS_SEARCH_USER_PATHS = NO;
				ASSETCATALOG_COMPILER_GENERATE_SWIFT_ASSET_SYMBOL_EXTENSIONS = YES;
				CLANG_ANALYZER_NONNULL = YES;
				CLANG_ANALYZER_NUMBER_OBJECT_CONVERSION = YES_AGGRESSIVE;
				CLANG_CXX_LANGUAGE_STANDARD = "gnu++20";
				CLANG_ENABLE_MODULES = YES;
				CLANG_ENABLE_OBJC_ARC = YES;
				CLANG_ENABLE_OBJC_WEAK = YES;
				CLANG_WARN_BLOCK_CAPTURE_AUTORELEASING = YES;
				CLANG_WARN_BOOL_CONVERSION = YES;
				CLANG_WARN_COMMA = YES;
				CLANG_WARN_CONSTANT_CONVERSION = YES;
				CLANG_WARN_DEPRECATED_OBJC_IMPLEMENTATIONS = YES;
				CLANG_WARN_DIRECT_OBJC_ISA_USAGE = YES_ERROR;
				CLANG_WARN_DOCUMENTATION_COMMENTS = YES;
				CLANG_WARN_EMPTY_BODY = YES;
				CLANG_WARN_ENUM_CONVERSION = YES;
				CLANG_WARN_INFINITE_RECURSION = YES;
				CLANG_WARN_INT_CONVERSION = YES;
				CLANG_WARN_NON_LITERAL_NULL_CONVERSION = YES;
				CLANG_WARN_OBJC_IMPLICIT_RETAIN_SELF = YES;
				CLANG_WARN_OBJC_LITERAL_CONVERSION = YES;
				CLANG_WARN_OBJC_ROOT_CLASS = YES_ERROR;
				CLANG_WARN_QUOTED_INCLUDE_IN_FRAMEWORK_HEADER = YES;
				CLANG_WARN_RANGE_LOOP_ANALYSIS = YES;
				CLANG_WARN_STRICT_PROTOTYPES = YES;
				CLANG_WARN_SUSPICIOUS_MOVE = YES;
				CLANG_WARN_UNGUARDED_AVAILABILITY = YES_AGGRESSIVE;
				CLANG_WARN_UNREACHABLE_CODE = YES;
				CLANG_WARN__DUPLICATE_METHOD_MATCH = YES;
				COPY_PHASE_STRIP = NO;
				DEBUG_INFORMATION_FORMAT = dwarf;
				ENABLE_STRICT_OBJC_MSGSEND = YES;
				ENABLE_TESTABILITY = YES;
				ENABLE_USER_SCRIPT_SANDBOXING = YES;
				GCC_C_LANGUAGE_STANDARD = gnu17;
				GCC_DYNAMIC_NO_PIC = NO;
				GCC_NO_COMMON_BLOCKS = YES;
				GCC_OPTIMIZATION_LEVEL = 0;
				GCC_PREPROCESSOR_DEFINITIONS = (
					"DEBUG=1",
					"$(inherited)",
				);
				GCC_WARN_64_TO_32_BIT_CONVERSION = YES;
				GCC_WARN_ABOUT_RETURN_TYPE = YES_ERROR;
				GCC_WARN_UNDECLARED_SELECTOR = YES;
				GCC_WARN_UNINITIALIZED_AUTOS = YES_AGGRESSIVE;
				GCC_WARN_UNUSED_FUNCTION = YES;
				GCC_WARN_UNUSED_VARIABLE = YES;
				IPHONEOS_DEPLOYMENT_TARGET = 17.2;
				LOCALIZATION_PREFERS_STRING_CATALOGS = YES;
				MTL_ENABLE_DEBUG_INFO = INCLUDE_SOURCE;
				MTL_FAST_MATH = YES;
				ONLY_ACTIVE_ARCH = YES;
				SDKROOT = iphoneos;
				SWIFT_ACTIVE_COMPILATION_CONDITIONS = "DEBUG $(inherited)";
				SWIFT_OPTIMIZATION_LEVEL = "-Onone";
			};
			name = Debug;
		};
		3DDF2F5D2B2B95B600A3D872 /* Release */ = {
			isa = XCBuildConfiguration;
			buildSettings = {
				ALWAYS_SEARCH_USER_PATHS = NO;
				ASSETCATALOG_COMPILER_GENERATE_SWIFT_ASSET_SYMBOL_EXTENSIONS = YES;
				CLANG_ANALYZER_NONNULL = YES;
				CLANG_ANALYZER_NUMBER_OBJECT_CONVERSION = YES_AGGRESSIVE;
				CLANG_CXX_LANGUAGE_STANDARD = "gnu++20";
				CLANG_ENABLE_MODULES = YES;
				CLANG_ENABLE_OBJC_ARC = YES;
				CLANG_ENABLE_OBJC_WEAK = YES;
				CLANG_WARN_BLOCK_CAPTURE_AUTORELEASING = YES;
				CLANG_WARN_BOOL_CONVERSION = YES;
				CLANG_WARN_COMMA = YES;
				CLANG_WARN_CONSTANT_CONVERSION = YES;
				CLANG_WARN_DEPRECATED_OBJC_IMPLEMENTATIONS = YES;
				CLANG_WARN_DIRECT_OBJC_ISA_USAGE = YES_ERROR;
				CLANG_WARN_DOCUMENTATION_COMMENTS = YES;
				CLANG_WARN_EMPTY_BODY = YES;
				CLANG_WARN_ENUM_CONVERSION = YES;
				CLANG_WARN_INFINITE_RECURSION = YES;
				CLANG_WARN_INT_CONVERSION = YES;
				CLANG_WARN_NON_LITERAL_NULL_CONVERSION = YES;
				CLANG_WARN_OBJC_IMPLICIT_RETAIN_SELF = YES;
				CLANG_WARN_OBJC_LITERAL_CONVERSION = YES;
				CLANG_WARN_OBJC_ROOT_CLASS = YES_ERROR;
				CLANG_WARN_QUOTED_INCLUDE_IN_FRAMEWORK_HEADER = YES;
				CLANG_WARN_RANGE_LOOP_ANALYSIS = YES;
				CLANG_WARN_STRICT_PROTOTYPES = YES;
				CLANG_WARN_SUSPICIOUS_MOVE = YES;
				CLANG_WARN_UNGUARDED_AVAILABILITY = YES_AGGRESSIVE;
				CLANG_WARN_UNREACHABLE_CODE = YES;
				CLANG_WARN__DUPLICATE_METHOD_MATCH = YES;
				COPY_PHASE_STRIP = NO;
				DEBUG_INFORMATION_FORMAT = "dwarf-with-dsym";
				ENABLE_NS_ASSERTIONS = NO;
				ENABLE_STRICT_OBJC_MSGSEND = YES;
				ENABLE_USER_SCRIPT_SANDBOXING = YES;
				GCC_C_LANGUAGE_STANDARD = gnu17;
				GCC_NO_COMMON_BLOCKS = YES;
				GCC_WARN_64_TO_32_BIT_CONVERSION = YES;
				GCC_WARN_ABOUT_RETURN_TYPE = YES_ERROR;
				GCC_WARN_UNDECLARED_SELECTOR = YES;
				GCC_WARN_UNINITIALIZED_AUTOS = YES_AGGRESSIVE;
				GCC_WARN_UNUSED_FUNCTION = YES;
				GCC_WARN_UNUSED_VARIABLE = YES;
				IPHONEOS_DEPLOYMENT_TARGET = 17.2;
				LOCALIZATION_PREFERS_STRING_CATALOGS = YES;
				MTL_ENABLE_DEBUG_INFO = NO;
				MTL_FAST_MATH = YES;
				SDKROOT = iphoneos;
				SWIFT_COMPILATION_MODE = wholemodule;
				VALIDATE_PRODUCT = YES;
			};
			name = Release;
		};
		3DDF2F5F2B2B95B600A3D872 /* Debug */ = {
			isa = XCBuildConfiguration;
			buildSettings = {
				ASSETCATALOG_COMPILER_APPICON_NAME = AppIcon;
				ASSETCATALOG_COMPILER_GLOBAL_ACCENT_COLOR_NAME = AccentColor;
				CODE_SIGN_STYLE = Automatic;
				CURRENT_PROJECT_VERSION = 1;
				GENERATE_INFOPLIST_FILE = YES;
				INFOPLIST_FILE = RickAndMorty/Info.plist;
				INFOPLIST_KEY_UIApplicationSupportsIndirectInputEvents = YES;
				INFOPLIST_KEY_UILaunchStoryboardName = LaunchScreen;
				INFOPLIST_KEY_UIMainStoryboardFile = Main;
				INFOPLIST_KEY_UISupportedInterfaceOrientations_iPad = "UIInterfaceOrientationPortrait UIInterfaceOrientationPortraitUpsideDown UIInterfaceOrientationLandscapeLeft UIInterfaceOrientationLandscapeRight";
				INFOPLIST_KEY_UISupportedInterfaceOrientations_iPhone = "UIInterfaceOrientationPortrait UIInterfaceOrientationLandscapeLeft UIInterfaceOrientationLandscapeRight";
				LD_RUNPATH_SEARCH_PATHS = (
					"$(inherited)",
					"@executable_path/Frameworks",
				);
				MARKETING_VERSION = 1.0;
				PRODUCT_BUNDLE_IDENTIFIER = es.estech.RickAndMorty;
				PRODUCT_NAME = "$(TARGET_NAME)";
				SWIFT_EMIT_LOC_STRINGS = YES;
				SWIFT_VERSION = 5.0;
				TARGETED_DEVICE_FAMILY = "1,2";
			};
			name = Debug;
		};
		3DDF2F602B2B95B600A3D872 /* Release */ = {
			isa = XCBuildConfiguration;
			buildSettings = {
				ASSETCATALOG_COMPILER_APPICON_NAME = AppIcon;
				ASSETCATALOG_COMPILER_GLOBAL_ACCENT_COLOR_NAME = AccentColor;
				CODE_SIGN_STYLE = Automatic;
				CURRENT_PROJECT_VERSION = 1;
				GENERATE_INFOPLIST_FILE = YES;
				INFOPLIST_FILE = RickAndMorty/Info.plist;
				INFOPLIST_KEY_UIApplicationSupportsIndirectInputEvents = YES;
				INFOPLIST_KEY_UILaunchStoryboardName = LaunchScreen;
				INFOPLIST_KEY_UIMainStoryboardFile = Main;
				INFOPLIST_KEY_UISupportedInterfaceOrientations_iPad = "UIInterfaceOrientationPortrait UIInterfaceOrientationPortraitUpsideDown UIInterfaceOrientationLandscapeLeft UIInterfaceOrientationLandscapeRight";
				INFOPLIST_KEY_UISupportedInterfaceOrientations_iPhone = "UIInterfaceOrientationPortrait UIInterfaceOrientationLandscapeLeft UIInterfaceOrientationLandscapeRight";
				LD_RUNPATH_SEARCH_PATHS = (
					"$(inherited)",
					"@executable_path/Frameworks",
				);
				MARKETING_VERSION = 1.0;
				PRODUCT_BUNDLE_IDENTIFIER = es.estech.RickAndMorty;
				PRODUCT_NAME = "$(TARGET_NAME)";
				SWIFT_EMIT_LOC_STRINGS = YES;
				SWIFT_VERSION = 5.0;
				TARGETED_DEVICE_FAMILY = "1,2";
			};
			name = Release;
		};
/* End XCBuildConfiguration section */

/* Begin XCConfigurationList section */
		3DDF2F452B2B95B500A3D872 /* Build configuration list for PBXProject "RickAndMorty" */ = {
			isa = XCConfigurationList;
			buildConfigurations = (
				3DDF2F5C2B2B95B600A3D872 /* Debug */,
				3DDF2F5D2B2B95B600A3D872 /* Release */,
			);
			defaultConfigurationIsVisible = 0;
			defaultConfigurationName = Release;
		};
		3DDF2F5E2B2B95B600A3D872 /* Build configuration list for PBXNativeTarget "RickAndMorty" */ = {
			isa = XCConfigurationList;
			buildConfigurations = (
				3DDF2F5F2B2B95B600A3D872 /* Debug */,
				3DDF2F602B2B95B600A3D872 /* Release */,
			);
			defaultConfigurationIsVisible = 0;
			defaultConfigurationName = Release;
		};
/* End XCConfigurationList section */
	};
	rootObject = 3DDF2F422B2B95B500A3D872 /* Project object */;
}
